
Microsoft Visual Studio Solution File, Format Version 12.00
# Visual Studio Version 17
VisualStudioVersion = 17.3.32929.385
MinimumVisualStudioVersion = 10.0.40219.1
Project("{FAE04EC0-301F-11D3-BF4B-00C04F79EFBC}") = "Test1_ShravanKumar_Project5", "Test1_ShravanKumar_Project5\Test1_ShravanKumar_Project5.csproj", "{0C370DB8-5752-4173-80FC-8C6B11F843E5}"
EndProject
Global
	GlobalSection(SolutionConfigurationPlatforms) = preSolution
		Debug|Any CPU = Debug|Any CPU
		Release|Any CPU = Release|Any CPU
	EndGlobalSection
	GlobalSection(ProjectConfigurationPlatforms) = postSolution
		{0C370DB8-5752-4173-80FC-8C6B11F843E5}.Debug|Any CPU.ActiveCfg = Debug|Any CPU
		{0C370DB8-5752-4173-80FC-8C6B11F843E5}.Debug|Any CPU.Build.0 = Debug|Any CPU
		{0C370DB8-5752-4173-80FC-8C6B11F843E5}.Release|Any CPU.ActiveCfg = Release|Any CPU
		{0C370DB8-5752-4173-80FC-8C6B11F843E5}.Release|Any CPU.Build.0 = Release|Any CPU
	EndGlobalSection
	GlobalSection(SolutionProperties) = preSolution
		HideSolutionNode = FALSE
	EndGlobalSection
	GlobalSection(ExtensibilityGlobals) = postSolution
		SolutionGuid = {B1752776-A841-459F-B9F3-AD52EFDBB0CB}
	EndGlobalSection
EndGlobal
